// !$*UTF8*$!
{
	archiveVersion = 1;
	classes = {
	};
	objectVersion = 46;
	objects = {

/* Begin PBXBuildFile section */
		034456701C13178B009611E5 /* AppDelegate.swift in Sources */ = {isa = PBXBuildFile; fileRef = 0344566F1C13178B009611E5 /* AppDelegate.swift */; };
		034456721C13178B009611E5 /* MenuViewController.swift in Sources */ = {isa = PBXBuildFile; fileRef = 034456711C13178B009611E5 /* MenuViewController.swift */; };
		034456751C13178B009611E5 /* Main.storyboard in Resources */ = {isa = PBXBuildFile; fileRef = 034456731C13178B009611E5 /* Main.storyboard */; };
		034456771C13178B009611E5 /* Assets.xcassets in Resources */ = {isa = PBXBuildFile; fileRef = 034456761C13178B009611E5 /* Assets.xcassets */; };
		0344567A1C13178B009611E5 /* LaunchScreen.storyboard in Resources */ = {isa = PBXBuildFile; fileRef = 034456781C13178B009611E5 /* LaunchScreen.storyboard */; };
		034456821C13218E009611E5 /* MenuModel.swift in Sources */ = {isa = PBXBuildFile; fileRef = 034456811C13218E009611E5 /* MenuModel.swift */; };
		034456841C132285009611E5 /* SwiftExtensions.swift in Sources */ = {isa = PBXBuildFile; fileRef = 034456831C132285009611E5 /* SwiftExtensions.swift */; };
		034456861C1322EC009611E5 /* FoundationExtensions.swift in Sources */ = {isa = PBXBuildFile; fileRef = 034456851C1322EC009611E5 /* FoundationExtensions.swift */; };
		034456881C1324A2009611E5 /* UIKitExtensions.swift in Sources */ = {isa = PBXBuildFile; fileRef = 034456871C1324A2009611E5 /* UIKitExtensions.swift */; };
		0344568A1C13253C009611E5 /* GCDExtensions.swift in Sources */ = {isa = PBXBuildFile; fileRef = 034456891C13253C009611E5 /* GCDExtensions.swift */; };
		0344568C1C132741009611E5 /* MenuProductCell.swift in Sources */ = {isa = PBXBuildFile; fileRef = 0344568B1C132741009611E5 /* MenuProductCell.swift */; };
		034456CB1C134005009611E5 /* PusherManager.swift in Sources */ = {isa = PBXBuildFile; fileRef = 034456CA1C134005009611E5 /* PusherManager.swift */; };
		D8CB2069F9F25CAAA8625CBF /* Pods_Clover_Crash.framework in Frameworks */ = {isa = PBXBuildFile; fileRef = 186EA5E67012B28D0E2E915B /* Pods_Clover_Crash.framework */; };
/* End PBXBuildFile section */

/* Begin PBXFileReference section */
		0344566C1C13178B009611E5 /* Clover Crash.app */ = {isa = PBXFileReference; explicitFileType = wrapper.application; includeInIndex = 0; path = "Clover Crash.app"; sourceTree = BUILT_PRODUCTS_DIR; };
		0344566F1C13178B009611E5 /* AppDelegate.swift */ = {isa = PBXFileReference; lastKnownFileType = sourcecode.swift; path = AppDelegate.swift; sourceTree = "<group>"; };
		034456711C13178B009611E5 /* MenuViewController.swift */ = {isa = PBXFileReference; lastKnownFileType = sourcecode.swift; path = MenuViewController.swift; sourceTree = "<group>"; };
		034456741C13178B009611E5 /* Base */ = {isa = PBXFileReference; lastKnownFileType = file.storyboard; name = Base; path = Base.lproj/Main.storyboard; sourceTree = "<group>"; };
		034456761C13178B009611E5 /* Assets.xcassets */ = {isa = PBXFileReference; lastKnownFileType = folder.assetcatalog; path = Assets.xcassets; sourceTree = "<group>"; };
		034456791C13178B009611E5 /* Base */ = {isa = PBXFileReference; lastKnownFileType = file.storyboard; name = Base; path = Base.lproj/LaunchScreen.storyboard; sourceTree = "<group>"; };
		0344567B1C13178C009611E5 /* Info.plist */ = {isa = PBXFileReference; lastKnownFileType = text.plist.xml; path = Info.plist; sourceTree = "<group>"; };
		034456811C13218E009611E5 /* MenuModel.swift */ = {isa = PBXFileReference; fileEncoding = 4; lastKnownFileType = sourcecode.swift; path = MenuModel.swift; sourceTree = "<group>"; };
		034456831C132285009611E5 /* SwiftExtensions.swift */ = {isa = PBXFileReference; fileEncoding = 4; lastKnownFileType = sourcecode.swift; path = SwiftExtensions.swift; sourceTree = "<group>"; };
		034456851C1322EC009611E5 /* FoundationExtensions.swift */ = {isa = PBXFileReference; fileEncoding = 4; lastKnownFileType = sourcecode.swift; path = FoundationExtensions.swift; sourceTree = "<group>"; };
		034456871C1324A2009611E5 /* UIKitExtensions.swift */ = {isa = PBXFileReference; fileEncoding = 4; lastKnownFileType = sourcecode.swift; path = UIKitExtensions.swift; sourceTree = "<group>"; };
		034456891C13253C009611E5 /* GCDExtensions.swift */ = {isa = PBXFileReference; fileEncoding = 4; lastKnownFileType = sourcecode.swift; path = GCDExtensions.swift; sourceTree = "<group>"; };
		0344568B1C132741009611E5 /* MenuProductCell.swift */ = {isa = PBXFileReference; fileEncoding = 4; lastKnownFileType = sourcecode.swift; path = MenuProductCell.swift; sourceTree = "<group>"; };
		034456CA1C134005009611E5 /* PusherManager.swift */ = {isa = PBXFileReference; fileEncoding = 4; lastKnownFileType = sourcecode.swift; path = PusherManager.swift; sourceTree = "<group>"; };
		186EA5E67012B28D0E2E915B /* Pods_Clover_Crash.framework */ = {isa = PBXFileReference; explicitFileType = wrapper.framework; includeInIndex = 0; path = Pods_Clover_Crash.framework; sourceTree = BUILT_PRODUCTS_DIR; };
		8C42D710174042694E96DB3C /* Pods-Clover Crash.release.xcconfig */ = {isa = PBXFileReference; includeInIndex = 1; lastKnownFileType = text.xcconfig; name = "Pods-Clover Crash.release.xcconfig"; path = "Pods/Target Support Files/Pods-Clover Crash/Pods-Clover Crash.release.xcconfig"; sourceTree = "<group>"; };
		C7443A7914EE9B671465A954 /* Pods-Clover Crash.debug.xcconfig */ = {isa = PBXFileReference; includeInIndex = 1; lastKnownFileType = text.xcconfig; name = "Pods-Clover Crash.debug.xcconfig"; path = "Pods/Target Support Files/Pods-Clover Crash/Pods-Clover Crash.debug.xcconfig"; sourceTree = "<group>"; };
/* End PBXFileReference section */

/* Begin PBXFrameworksBuildPhase section */
		034456691C13178B009611E5 /* Frameworks */ = {
			isa = PBXFrameworksBuildPhase;
			buildActionMask = 2147483647;
			files = (
				D8CB2069F9F25CAAA8625CBF /* Pods_Clover_Crash.framework in Frameworks */,
			);
			runOnlyForDeploymentPostprocessing = 0;
		};
/* End PBXFrameworksBuildPhase section */

/* Begin PBXGroup section */
		034456631C13178B009611E5 = {
			isa = PBXGroup;
			children = (
				0344566E1C13178B009611E5 /* Clover Crash */,
				0344566D1C13178B009611E5 /* Products */,
				12066A08BF4698582004EBA8 /* Pods */,
				7D02F1EB7CB64C45FE3AB81C /* Frameworks */,
			);
			sourceTree = "<group>";
		};
		0344566D1C13178B009611E5 /* Products */ = {
			isa = PBXGroup;
			children = (
				0344566C1C13178B009611E5 /* Clover Crash.app */,
			);
			name = Products;
			sourceTree = "<group>";
		};
		0344566E1C13178B009611E5 /* Clover Crash */ = {
			isa = PBXGroup;
			children = (
				0344566F1C13178B009611E5 /* AppDelegate.swift */,
				034456CA1C134005009611E5 /* PusherManager.swift */,
				034456831C132285009611E5 /* SwiftExtensions.swift */,
				034456891C13253C009611E5 /* GCDExtensions.swift */,
				034456851C1322EC009611E5 /* FoundationExtensions.swift */,
				034456871C1324A2009611E5 /* UIKitExtensions.swift */,
				034456811C13218E009611E5 /* MenuModel.swift */,
				034456711C13178B009611E5 /* MenuViewController.swift */,
				0344568B1C132741009611E5 /* MenuProductCell.swift */,
				034456731C13178B009611E5 /* Main.storyboard */,
				034456761C13178B009611E5 /* Assets.xcassets */,
				034456781C13178B009611E5 /* LaunchScreen.storyboard */,
				0344567B1C13178C009611E5 /* Info.plist */,
			);
			path = "Clover Crash";
			sourceTree = "<group>";
		};
		12066A08BF4698582004EBA8 /* Pods */ = {
			isa = PBXGroup;
			children = (
				C7443A7914EE9B671465A954 /* Pods-Clover Crash.debug.xcconfig */,
				8C42D710174042694E96DB3C /* Pods-Clover Crash.release.xcconfig */,
			);
			name = Pods;
			sourceTree = "<group>";
		};
		7D02F1EB7CB64C45FE3AB81C /* Frameworks */ = {
			isa = PBXGroup;
			children = (
				186EA5E67012B28D0E2E915B /* Pods_Clover_Crash.framework */,
			);
			name = Frameworks;
			sourceTree = "<group>";
		};
/* End PBXGroup section */

/* Begin PBXNativeTarget section */
		0344566B1C13178B009611E5 /* Clover Crash */ = {
			isa = PBXNativeTarget;
			buildConfigurationList = 0344567E1C13178C009611E5 /* Build configuration list for PBXNativeTarget "Clover Crash" */;
			buildPhases = (
				665F7102446B75AD82448A1C /* Check Pods Manifest.lock */,
				034456681C13178B009611E5 /* Sources */,
				034456691C13178B009611E5 /* Frameworks */,
				0344566A1C13178B009611E5 /* Resources */,
				71538170DC1A7A7A14CF3F22 /* Embed Pods Frameworks */,
				B9EE05C005D3F4F190999B6F /* Copy Pods Resources */,
			);
			buildRules = (
			);
			dependencies = (
			);
			name = "Clover Crash";
			productName = "Clover Crash";
			productReference = 0344566C1C13178B009611E5 /* Clover Crash.app */;
			productType = "com.apple.product-type.application";
		};
/* End PBXNativeTarget section */

/* Begin PBXProject section */
		034456641C13178B009611E5 /* Project object */ = {
			isa = PBXProject;
			attributes = {
				LastSwiftUpdateCheck = 0710;
				LastUpgradeCheck = 0710;
				ORGANIZATIONNAME = "Boppl Ltd.";
				TargetAttributes = {
					0344566B1C13178B009611E5 = {
						CreatedOnToolsVersion = 7.1.1;
					};
				};
			};
			buildConfigurationList = 034456671C13178B009611E5 /* Build configuration list for PBXProject "Clover Crash" */;
			compatibilityVersion = "Xcode 3.2";
			developmentRegion = English;
			hasScannedForEncodings = 0;
			knownRegions = (
				en,
				Base,
			);
			mainGroup = 034456631C13178B009611E5;
			productRefGroup = 0344566D1C13178B009611E5 /* Products */;
			projectDirPath = "";
			projectRoot = "";
			targets = (
				0344566B1C13178B009611E5 /* Clover Crash */,
			);
		};
/* End PBXProject section */

/* Begin PBXResourcesBuildPhase section */
		0344566A1C13178B009611E5 /* Resources */ = {
			isa = PBXResourcesBuildPhase;
			buildActionMask = 2147483647;
			files = (
				0344567A1C13178B009611E5 /* LaunchScreen.storyboard in Resources */,
				034456771C13178B009611E5 /* Assets.xcassets in Resources */,
				034456751C13178B009611E5 /* Main.storyboard in Resources */,
			);
			runOnlyForDeploymentPostprocessing = 0;
		};
/* End PBXResourcesBuildPhase section */

/* Begin PBXShellScriptBuildPhase section */
		665F7102446B75AD82448A1C /* Check Pods Manifest.lock */ = {
			isa = PBXShellScriptBuildPhase;
			buildActionMask = 2147483647;
			files = (
			);
			inputPaths = (
			);
			name = "Check Pods Manifest.lock";
			outputPaths = (
			);
			runOnlyForDeploymentPostprocessing = 0;
			shellPath = /bin/sh;
			shellScript = "diff \"${PODS_ROOT}/../Podfile.lock\" \"${PODS_ROOT}/Manifest.lock\" > /dev/null\nif [[ $? != 0 ]] ; then\n    cat << EOM\nerror: The sandbox is not in sync with the Podfile.lock. Run 'pod install' or update your CocoaPods installation.\nEOM\n    exit 1\nfi\n";
			showEnvVarsInLog = 0;
		};
		71538170DC1A7A7A14CF3F22 /* Embed Pods Frameworks */ = {
			isa = PBXShellScriptBuildPhase;
			buildActionMask = 2147483647;
			files = (
			);
			inputPaths = (
			);
			name = "Embed Pods Frameworks";
			outputPaths = (
			);
			runOnlyForDeploymentPostprocessing = 0;
			shellPath = /bin/sh;
			shellScript = "\"${SRCROOT}/Pods/Target Support Files/Pods-Clover Crash/Pods-Clover Crash-frameworks.sh\"\n";
			showEnvVarsInLog = 0;
		};
		B9EE05C005D3F4F190999B6F /* Copy Pods Resources */ = {
			isa = PBXShellScriptBuildPhase;
			buildActionMask = 2147483647;
			files = (
			);
			inputPaths = (
			);
			name = "Copy Pods Resources";
			outputPaths = (
			);
			runOnlyForDeploymentPostprocessing = 0;
			shellPath = /bin/sh;
			shellScript = "\"${SRCROOT}/Pods/Target Support Files/Pods-Clover Crash/Pods-Clover Crash-resources.sh\"\n";
			showEnvVarsInLog = 0;
		};
/* End PBXShellScriptBuildPhase section */

/* Begin PBXSourcesBuildPhase section */
		034456681C13178B009611E5 /* Sources */ = {
			isa = PBXSourcesBuildPhase;
			buildActionMask = 2147483647;
			files = (
				034456CB1C134005009611E5 /* PusherManager.swift in Sources */,
				034456721C13178B009611E5 /* MenuViewController.swift in Sources */,
				0344568A1C13253C009611E5 /* GCDExtensions.swift in Sources */,
				034456861C1322EC009611E5 /* FoundationExtensions.swift in Sources */,
				034456881C1324A2009611E5 /* UIKitExtensions.swift in Sources */,
				034456841C132285009611E5 /* SwiftExtensions.swift in Sources */,
				034456701C13178B009611E5 /* AppDelegate.swift in Sources */,
				0344568C1C132741009611E5 /* MenuProductCell.swift in Sources */,
				034456821C13218E009611E5 /* MenuModel.swift in Sources */,
			);
			runOnlyForDeploymentPostprocessing = 0;
		};
/* End PBXSourcesBuildPhase section */

/* Begin PBXVariantGroup section */
		034456731C13178B009611E5 /* Main.storyboard */ = {
			isa = PBXVariantGroup;
			children = (
				034456741C13178B009611E5 /* Base */,
			);
			name = Main.storyboard;
			sourceTree = "<group>";
		};
		034456781C13178B009611E5 /* LaunchScreen.storyboard */ = {
			isa = PBXVariantGroup;
			children = (
				034456791C13178B009611E5 /* Base */,
			);
			name = LaunchScreen.storyboard;
			sourceTree = "<group>";
		};
/* End PBXVariantGroup section */

/* Begin XCBuildConfiguration section */
		0344567C1C13178C009611E5 /* Debug */ = {
			isa = XCBuildConfiguration;
			buildSettings = {
				ALWAYS_SEARCH_USER_PATHS = NO;
				CLANG_CXX_LANGUAGE_STANDARD = "gnu++0x";
				CLANG_CXX_LIBRARY = "libc++";
				CLANG_ENABLE_MODULES = YES;
				CLANG_ENABLE_OBJC_ARC = YES;
				CLANG_WARN_BOOL_CONVERSION = YES;
				CLANG_WARN_CONSTANT_CONVERSION = YES;
				CLANG_WARN_DIRECT_OBJC_ISA_USAGE = YES_ERROR;
				CLANG_WARN_EMPTY_BODY = YES;
				CLANG_WARN_ENUM_CONVERSION = YES;
				CLANG_WARN_INT_CONVERSION = YES;
				CLANG_WARN_OBJC_ROOT_CLASS = YES_ERROR;
				CLANG_WARN_UNREACHABLE_CODE = YES;
				CLANG_WARN__DUPLICATE_METHOD_MATCH = YES;
				"CODE_SIGN_IDENTITY[sdk=iphoneos*]" = "iPhone Developer";
				COPY_PHASE_STRIP = NO;
				DEBUG_INFORMATION_FORMAT = dwarf;
				ENABLE_STRICT_OBJC_MSGSEND = YES;
				ENABLE_TESTABILITY = YES;
				GCC_C_LANGUAGE_STANDARD = gnu99;
				GCC_DYNAMIC_NO_PIC = NO;
				GCC_NO_COMMON_BLOCKS = YES;
				GCC_OPTIMIZATION_LEVEL = 0;
				GCC_PREPROCESSOR_DEFINITIONS = (
					"DEBUG=1",
					"$(inherited)",
				);
				GCC_WARN_64_TO_32_BIT_CONVERSION = YES;
				GCC_WARN_ABOUT_RETURN_TYPE = YES_ERROR;
				GCC_WARN_UNDECLARED_SELECTOR = YES;
				GCC_WARN_UNINITIALIZED_AUTOS = YES_AGGRESSIVE;
				GCC_WARN_UNUSED_FUNCTION = YES;
				GCC_WARN_UNUSED_VARIABLE = YES;
				IPHONEOS_DEPLOYMENT_TARGET = 9.1;
				MTL_ENABLE_DEBUG_INFO = YES;
				ONLY_ACTIVE_ARCH = YES;
				SDKROOT = iphoneos;
				SWIFT_OPTIMIZATION_LEVEL = "-Onone";
				TARGETED_DEVICE_FAMILY = "1,2";
			};
			name = Debug;
		};
		0344567D1C13178C009611E5 /* Release */ = {
			isa = XCBuildConfiguration;
			buildSettings = {
				ALWAYS_SEARCH_USER_PATHS = NO;
				CLANG_CXX_LANGUAGE_STANDARD = "gnu++0x";
				CLANG_CXX_LIBRARY = "libc++";
				CLANG_ENABLE_MODULES = YES;
				CLANG_ENABLE_OBJC_ARC = YES;
				CLANG_WARN_BOOL_CONVERSION = YES;
				CLANG_WARN_CONSTANT_CONVERSION = YES;
				CLANG_WARN_DIRECT_OBJC_ISA_USAGE = YES_ERROR;
				CLANG_WARN_EMPTY_BODY = YES;
				CLANG_WARN_ENUM_CONVERSION = YES;
				CLANG_WARN_INT_CONVERSION = YES;
				CLANG_WARN_OBJC_ROOT_CLASS = YES_ERROR;
				CLANG_WARN_UNREACHABLE_CODE = YES;
				CLANG_WARN__DUPLICATE_METHOD_MATCH = YES;
				"CODE_SIGN_IDENTITY[sdk=iphoneos*]" = "iPhone Developer";
				COPY_PHASE_STRIP = NO;
				DEBUG_INFORMATION_FORMAT = "dwarf-with-dsym";
				ENABLE_NS_ASSERTIONS = NO;
				ENABLE_STRICT_OBJC_MSGSEND = YES;
				GCC_C_LANGUAGE_STANDARD = gnu99;
				GCC_NO_COMMON_BLOCKS = YES;
				GCC_WARN_64_TO_32_BIT_CONVERSION = YES;
				GCC_WARN_ABOUT_RETURN_TYPE = YES_ERROR;
				GCC_WARN_UNDECLARED_SELECTOR = YES;
				GCC_WARN_UNINITIALIZED_AUTOS = YES_AGGRESSIVE;
				GCC_WARN_UNUSED_FUNCTION = YES;
				GCC_WARN_UNUSED_VARIABLE = YES;
				IPHONEOS_DEPLOYMENT_TARGET = 9.1;
				MTL_ENABLE_DEBUG_INFO = NO;
				SDKROOT = iphoneos;
				TARGETED_DEVICE_FAMILY = "1,2";
				VALIDATE_PRODUCT = YES;
			};
			name = Release;
		};
		0344567F1C13178C009611E5 /* Debug */ = {
			isa = XCBuildConfiguration;
			baseConfigurationReference = C7443A7914EE9B671465A954 /* Pods-Clover Crash.debug.xcconfig */;
			buildSettings = {
				ASSETCATALOG_COMPILER_APPICON_NAME = AppIcon;
				CLANG_ENABLE_MODULES = YES;
				INFOPLIST_FILE = "Clover Crash/Info.plist";
				LD_RUNPATH_SEARCH_PATHS = "$(inherited) @executable_path/Frameworks";
				LIBRARY_SEARCH_PATHS = (
					"$(inherited)",
					"$(PROJECT_DIR)/Clover",
					Crash,
				);
				PRODUCT_BUNDLE_IDENTIFIER = "me.boppl.hack.Clover-Crash";
				PRODUCT_NAME = "$(TARGET_NAME)";
				SWIFT_OPTIMIZATION_LEVEL = "-Onone";
			};
			name = Debug;
		};
		034456801C13178C009611E5 /* Release */ = {
			isa = XCBuildConfiguration;
			baseConfigurationReference = 8C42D710174042694E96DB3C /* Pods-Clover Crash.release.xcconfig */;
			buildSettings = {
				ASSETCATALOG_COMPILER_APPICON_NAME = AppIcon;
				CLANG_ENABLE_MODULES = YES;
				INFOPLIST_FILE = "Clover Crash/Info.plist";
				LD_RUNPATH_SEARCH_PATHS = "$(inherited) @executable_path/Frameworks";
				LIBRARY_SEARCH_PATHS = (
					"$(inherited)",
					"$(PROJECT_DIR)/Clover",
					Crash,
				);
				PRODUCT_BUNDLE_IDENTIFIER = "me.boppl.hack.Clover-Crash";
				PRODUCT_NAME = "$(TARGET_NAME)";
			};
			name = Release;
		};
/* End XCBuildConfiguration section */

/* Begin XCConfigurationList section */
		034456671C13178B009611E5 /* Build configuration list for PBXProject "Clover Crash" */ = {
			isa = XCConfigurationList;
			buildConfigurations = (
				0344567C1C13178C009611E5 /* Debug */,
				0344567D1C13178C009611E5 /* Release */,
			);
			defaultConfigurationIsVisible = 0;
			defaultConfigurationName = Release;
		};
		0344567E1C13178C009611E5 /* Build configuration list for PBXNativeTarget "Clover Crash" */ = {
			isa = XCConfigurationList;
			buildConfigurations = (
				0344567F1C13178C009611E5 /* Debug */,
				034456801C13178C009611E5 /* Release */,
			);
			defaultConfigurationIsVisible = 0;
			defaultConfigurationName = Release;
		};
/* End XCConfigurationList section */
	};
	rootObject = 034456641C13178B009611E5 /* Project object */;
}
